
Microsoft Visual Studio Solution File, Format Version 12.00
# Visual Studio Version 16
VisualStudioVersion = 16.0.30413.136
MinimumVisualStudioVersion = 10.0.40219.1
Project("{FAE04EC0-301F-11D3-BF4B-00C04F79EFBC}") = "Booking.Web", "Booking.Web\Booking.Web.csproj", "{8B4E3F8D-3627-4A6E-9E77-D7681F31AEA8}"
EndProject
Project("{FAE04EC0-301F-11D3-BF4B-00C04F79EFBC}") = "Booking.Model", "Booking.Model\Booking.Model.csproj", "{6022344D-5CD9-4210-A898-6F21D6C6EBDB}"
EndProject
Project("{FAE04EC0-301F-11D3-BF4B-00C04F79EFBC}") = "Booking.Service", "Booking.Service\Booking.Service.csproj", "{0CC0DF40-3D36-4CF8-B7D8-FC48237B6B14}"
EndProject
Global
	GlobalSection(SolutionConfigurationPlatforms) = preSolution
		Debug|Any CPU = Debug|Any CPU
		Release|Any CPU = Release|Any CPU
	EndGlobalSection
	GlobalSection(ProjectConfigurationPlatforms) = postSolution
		{8B4E3F8D-3627-4A6E-9E77-D7681F31AEA8}.Debug|Any CPU.ActiveCfg = Debug|Any CPU
		{8B4E3F8D-3627-4A6E-9E77-D7681F31AEA8}.Debug|Any CPU.Build.0 = Debug|Any CPU
		{8B4E3F8D-3627-4A6E-9E77-D7681F31AEA8}.Release|Any CPU.ActiveCfg = Release|Any CPU
		{8B4E3F8D-3627-4A6E-9E77-D7681F31AEA8}.Release|Any CPU.Build.0 = Release|Any CPU
		{6022344D-5CD9-4210-A898-6F21D6C6EBDB}.Debug|Any CPU.ActiveCfg = Debug|Any CPU
		{6022344D-5CD9-4210-A898-6F21D6C6EBDB}.Debug|Any CPU.Build.0 = Debug|Any CPU
		{6022344D-5CD9-4210-A898-6F21D6C6EBDB}.Release|Any CPU.ActiveCfg = Release|Any CPU
		{6022344D-5CD9-4210-A898-6F21D6C6EBDB}.Release|Any CPU.Build.0 = Release|Any CPU
		{0CC0DF40-3D36-4CF8-B7D8-FC48237B6B14}.Debug|Any CPU.ActiveCfg = Debug|Any CPU
		{0CC0DF40-3D36-4CF8-B7D8-FC48237B6B14}.Debug|Any CPU.Build.0 = Debug|Any CPU
		{0CC0DF40-3D36-4CF8-B7D8-FC48237B6B14}.Release|Any CPU.ActiveCfg = Release|Any CPU
		{0CC0DF40-3D36-4CF8-B7D8-FC48237B6B14}.Release|Any CPU.Build.0 = Release|Any CPU
	EndGlobalSection
	GlobalSection(SolutionProperties) = preSolution
		HideSolutionNode = FALSE
	EndGlobalSection
	GlobalSection(ExtensibilityGlobals) = postSolution
		SolutionGuid = {18B7A994-749B-4E50-A682-E7168BF9C068}
	EndGlobalSection
EndGlobal
